
Microsoft Visual Studio Solution File, Format Version 12.00
# Visual Studio Version 16
VisualStudioVersion = 16.0.31729.503
MinimumVisualStudioVersion = 10.0.40219.1
Project("{FAE04EC0-301F-11D3-BF4B-00C04F79EFBC}") = "AutoTestPrac", "AutoTestPrac\AutoTestPrac.csproj", "{194B1521-F06B-46AF-8EA6-E921B585E039}"
EndProject
Project("{FAE04EC0-301F-11D3-BF4B-00C04F79EFBC}") = "MathLibrary", "MathLibrary\MathLibrary.csproj", "{F8D32EB5-17A3-4D81-8361-22175EADFEE9}"
EndProject
Project("{FAE04EC0-301F-11D3-BF4B-00C04F79EFBC}") = "TestMathLibrary", "TestMathLibrary\TestMathLibrary.csproj", "{C5BFF034-E5D4-4F65-A309-BA72BB1E7CC2}"
EndProject
Global
	GlobalSection(SolutionConfigurationPlatforms) = preSolution
		Debug|Any CPU = Debug|Any CPU
		Release|Any CPU = Release|Any CPU
	EndGlobalSection
	GlobalSection(ProjectConfigurationPlatforms) = postSolution
		{194B1521-F06B-46AF-8EA6-E921B585E039}.Debug|Any CPU.ActiveCfg = Debug|Any CPU
		{194B1521-F06B-46AF-8EA6-E921B585E039}.Debug|Any CPU.Build.0 = Debug|Any CPU
		{194B1521-F06B-46AF-8EA6-E921B585E039}.Release|Any CPU.ActiveCfg = Release|Any CPU
		{194B1521-F06B-46AF-8EA6-E921B585E039}.Release|Any CPU.Build.0 = Release|Any CPU
		{F8D32EB5-17A3-4D81-8361-22175EADFEE9}.Debug|Any CPU.ActiveCfg = Debug|Any CPU
		{F8D32EB5-17A3-4D81-8361-22175EADFEE9}.Debug|Any CPU.Build.0 = Debug|Any CPU
		{F8D32EB5-17A3-4D81-8361-22175EADFEE9}.Release|Any CPU.ActiveCfg = Release|Any CPU
		{F8D32EB5-17A3-4D81-8361-22175EADFEE9}.Release|Any CPU.Build.0 = Release|Any CPU
		{C5BFF034-E5D4-4F65-A309-BA72BB1E7CC2}.Debug|Any CPU.ActiveCfg = Debug|Any CPU
		{C5BFF034-E5D4-4F65-A309-BA72BB1E7CC2}.Debug|Any CPU.Build.0 = Debug|Any CPU
		{C5BFF034-E5D4-4F65-A309-BA72BB1E7CC2}.Release|Any CPU.ActiveCfg = Release|Any CPU
		{C5BFF034-E5D4-4F65-A309-BA72BB1E7CC2}.Release|Any CPU.Build.0 = Release|Any CPU
	EndGlobalSection
	GlobalSection(SolutionProperties) = preSolution
		HideSolutionNode = FALSE
	EndGlobalSection
	GlobalSection(ExtensibilityGlobals) = postSolution
		SolutionGuid = {064BCBA7-918A-4D8E-B998-C073EDA1E5F4}
	EndGlobalSection
EndGlobal
